// !$*UTF8*$!
{
	archiveVersion = 1;
	classes = {
	};
	objectVersion = 56;
	objects = {

/* Begin PBXBuildFile section */
		1F0975CE1178490E8563DA41 /* Preview Assets.xcassets in Resources */ = {isa = PBXBuildFile; fileRef = FD15FF8833194C548C2EF038 /* Preview Assets.xcassets */; };
		5BB4BB9BFB9F40809342D765 /* AudioRecorderManager.swift in Sources */ = {isa = PBXBuildFile; fileRef = 3CD41D90C33D444DBBC0A6ED /* AudioRecorderManager.swift */; };
		8350715E8C7042F894194686 /* SpeechRecognizerManager.swift in Sources */ = {isa = PBXBuildFile; fileRef = 7A3754DAD22F4C8D90B3A4C8 /* SpeechRecognizerManager.swift */; };
		8C5DBBA1BA99430B884D418F /* ConversationTurn.swift in Sources */ = {isa = PBXBuildFile; fileRef = E60C21F7AFC747B792306099 /* ConversationTurn.swift */; };
		95338CA0EB9643218EEC6ABA /* ContentView.swift in Sources */ = {isa = PBXBuildFile; fileRef = 97BEE1694AD4443695762F23 /* ContentView.swift */; };
		A2A6E757082D4F5B9CC6A090 /* BackendConfig.swift in Sources */ = {isa = PBXBuildFile; fileRef = CA763F272F6F45DAA5A1669A /* BackendConfig.swift */; };
		C0D833FDF46C43F988147E84 /* VoiceAssistantApp.swift in Sources */ = {isa = PBXBuildFile; fileRef = D76630F43B0C4C30AACAF64D /* VoiceAssistantApp.swift */; };
		EB286547A8A541A5BC10558E /* AudioPlayerManager.swift in Sources */ = {isa = PBXBuildFile; fileRef = 4B8DAA77B6E143058C9EFD29 /* AudioPlayerManager.swift */; };
		DDC80EC1FDDE84498C2468A3 /* BargeInMonitor.swift in Sources */ = {isa = PBXBuildFile; fileRef = 103D3C4D4142DCC020DFF3ED /* BargeInMonitor.swift */; };
		E87EFF0202CBFFEC39FE253F /* VoiceOrb.swift in Sources */ = {isa = PBXBuildFile; fileRef = DB01F6E685A8707F082B5F27 /* VoiceOrb.swift */; };
		FD1E29BC92294B6A8550DF38 /* Assets.xcassets in Resources */ = {isa = PBXBuildFile; fileRef = D9227998712F490099FD719E /* Assets.xcassets */; };
		FE9CCCE64BAA4684889751B5 /* NetworkClient.swift in Sources */ = {isa = PBXBuildFile; fileRef = 37CEA3A802F44E778B9330DF /* NetworkClient.swift */; };
/* End PBXBuildFile section */

/* Begin PBXFileReference section */
		37CEA3A802F44E778B9330DF /* NetworkClient.swift */ = {isa = PBXFileReference; lastKnownFileType = sourcecode.swift; path = NetworkClient.swift; sourceTree = "<group>"; };
		3CD41D90C33D444DBBC0A6ED /* AudioRecorderManager.swift */ = {isa = PBXFileReference; lastKnownFileType = sourcecode.swift; path = AudioRecorderManager.swift; sourceTree = "<group>"; };
		3E253607616045EEB19D2E37 /* Info.plist */ = {isa = PBXFileReference; lastKnownFileType = text.plist.xml; path = Info.plist; sourceTree = "<group>"; };
		4B8DAA77B6E143058C9EFD29 /* AudioPlayerManager.swift */ = {isa = PBXFileReference; lastKnownFileType = sourcecode.swift; path = AudioPlayerManager.swift; sourceTree = "<group>"; };
		103D3C4D4142DCC020DFF3ED /* BargeInMonitor.swift */ = {isa = PBXFileReference; lastKnownFileType = sourcecode.swift; path = BargeInMonitor.swift; sourceTree = "<group>"; };
		DB01F6E685A8707F082B5F27 /* VoiceOrb.swift */ = {isa = PBXFileReference; lastKnownFileType = sourcecode.swift; path = VoiceOrb.swift; sourceTree = "<group>"; };
		7A3754DAD22F4C8D90B3A4C8 /* SpeechRecognizerManager.swift */ = {isa = PBXFileReference; lastKnownFileType = sourcecode.swift; path = SpeechRecognizerManager.swift; sourceTree = "<group>"; };
		9447901F15EB4A5C9B21C387 /* VoiceAssistant.app */ = {isa = PBXFileReference; explicitFileType = wrapper.application; includeInIndex = 0; path = VoiceAssistant.app; sourceTree = BUILT_PRODUCTS_DIR; };
		97BEE1694AD4443695762F23 /* ContentView.swift */ = {isa = PBXFileReference; lastKnownFileType = sourcecode.swift; path = ContentView.swift; sourceTree = "<group>"; };
		CA763F272F6F45DAA5A1669A /* BackendConfig.swift */ = {isa = PBXFileReference; lastKnownFileType = sourcecode.swift; path = BackendConfig.swift; sourceTree = "<group>"; };
		D76630F43B0C4C30AACAF64D /* VoiceAssistantApp.swift */ = {isa = PBXFileReference; lastKnownFileType = sourcecode.swift; path = VoiceAssistantApp.swift; sourceTree = "<group>"; };
		D9227998712F490099FD719E /* Assets.xcassets */ = {isa = PBXFileReference; lastKnownFileType = folder.assetcatalog; path = Assets.xcassets; sourceTree = "<group>"; };
		E60C21F7AFC747B792306099 /* ConversationTurn.swift */ = {isa = PBXFileReference; lastKnownFileType = sourcecode.swift; path = ConversationTurn.swift; sourceTree = "<group>"; };
		FD15FF8833194C548C2EF038 /* Preview Assets.xcassets */ = {isa = PBXFileReference; lastKnownFileType = folder.assetcatalog; path = "Preview Assets.xcassets"; sourceTree = "<group>"; };
/* End PBXFileReference section */

/* Begin PBXFrameworksBuildPhase section */
		568AB168EEC240C4AA109A2C /* Frameworks */ = {
			isa = PBXFrameworksBuildPhase;
			buildActionMask = 2147483647;
			files = (
			);
			runOnlyForDeploymentPostprocessing = 0;
		};
/* End PBXFrameworksBuildPhase section */

/* Begin PBXGroup section */
		019282C6E2F74A3FA47D3557 /* Products */ = {
			isa = PBXGroup;
			children = (
				9447901F15EB4A5C9B21C387 /* VoiceAssistant.app */,
			);
			name = Products;
			sourceTree = "<group>";
		};
		58BEE264742245F583CA4DFC = {
			isa = PBXGroup;
			children = (
				E5ACC8C02E9E4E9F95BCAFFF /* VoiceAssistant */,
				019282C6E2F74A3FA47D3557 /* Products */,
			);
			sourceTree = "<group>";
		};
		9EBF7AA06A7943A0A93E73AA /* Preview Content */ = {
			isa = PBXGroup;
			children = (
				FD15FF8833194C548C2EF038 /* Preview Assets.xcassets */,
			);
			path = "Preview Content";
			sourceTree = "<group>";
		};
		E5ACC8C02E9E4E9F95BCAFFF /* VoiceAssistant */ = {
			isa = PBXGroup;
			children = (
				D76630F43B0C4C30AACAF64D /* VoiceAssistantApp.swift */,
				97BEE1694AD4443695762F23 /* ContentView.swift */,
				CA763F272F6F45DAA5A1669A /* BackendConfig.swift */,
				37CEA3A802F44E778B9330DF /* NetworkClient.swift */,
				4B8DAA77B6E143058C9EFD29 /* AudioPlayerManager.swift */,
				103D3C4D4142DCC020DFF3ED /* BargeInMonitor.swift */,
				DB01F6E685A8707F082B5F27 /* VoiceOrb.swift */,
				3CD41D90C33D444DBBC0A6ED /* AudioRecorderManager.swift */,
				7A3754DAD22F4C8D90B3A4C8 /* SpeechRecognizerManager.swift */,
				E60C21F7AFC747B792306099 /* ConversationTurn.swift */,
				D9227998712F490099FD719E /* Assets.xcassets */,
				3E253607616045EEB19D2E37 /* Info.plist */,
				9EBF7AA06A7943A0A93E73AA /* Preview Content */,
			);
			path = VoiceAssistant;
			sourceTree = "<group>";
		};
/* End PBXGroup section */

/* Begin PBXNativeTarget section */
		8F5F604C0A2E4014A81A9FFC /* VoiceAssistant */ = {
			isa = PBXNativeTarget;
			buildConfigurationList = 41CDCE80D83A404798F0B419 /* Build configuration list for PBXNativeTarget "VoiceAssistant" */;
			buildPhases = (
				0A0FC8B075A64CC98F371C62 /* Sources */,
				568AB168EEC240C4AA109A2C /* Frameworks */,
				8DCC67F785AA4B44817DCED4 /* Resources */,
			);
			buildRules = (
			);
			dependencies = (
			);
			name = VoiceAssistant;
			productName = VoiceAssistant;
			productReference = 9447901F15EB4A5C9B21C387 /* VoiceAssistant.app */;
			productType = "com.apple.product-type.application";
		};
/* End PBXNativeTarget section */

/* Begin PBXProject section */
		E974BC0AB2A74C23B66E5DBB /* Project object */ = {
			isa = PBXProject;
			attributes = {
				BuildIndependentTargetsInParallel = 1;
				LastSwiftUpdateCheck = 1540;
				LastUpgradeCheck = 1540;
				TargetAttributes = {
					8F5F604C0A2E4014A81A9FFC = {
						CreatedOnToolsVersion = 15.4;
					};
				};
			};
			buildConfigurationList = 29743110B409496EB91CE5F4 /* Build configuration list for PBXProject "VoiceAssistant" */;
			compatibilityVersion = "Xcode 14.0";
			developmentRegion = en;
			hasScannedForEncodings = 0;
			knownRegions = (
				en,
				Base,
			);
			mainGroup = 58BEE264742245F583CA4DFC;
			productRefGroup = 019282C6E2F74A3FA47D3557 /* Products */;
			projectDirPath = "";
			projectRoot = "";
			targets = (
				8F5F604C0A2E4014A81A9FFC /* VoiceAssistant */,
			);
		};
/* End PBXProject section */

/* Begin PBXResourcesBuildPhase section */
		8DCC67F785AA4B44817DCED4 /* Resources */ = {
			isa = PBXResourcesBuildPhase;
			buildActionMask = 2147483647;
			files = (
				FD1E29BC92294B6A8550DF38 /* Assets.xcassets in Resources */,
				1F0975CE1178490E8563DA41 /* Preview Assets.xcassets in Resources */,
			);
			runOnlyForDeploymentPostprocessing = 0;
		};
/* End PBXResourcesBuildPhase section */

/* Begin PBXSourcesBuildPhase section */
		0A0FC8B075A64CC98F371C62 /* Sources */ = {
			isa = PBXSourcesBuildPhase;
			buildActionMask = 2147483647;
			files = (
				C0D833FDF46C43F988147E84 /* VoiceAssistantApp.swift in Sources */,
				95338CA0EB9643218EEC6ABA /* ContentView.swift in Sources */,
				A2A6E757082D4F5B9CC6A090 /* BackendConfig.swift in Sources */,
				FE9CCCE64BAA4684889751B5 /* NetworkClient.swift in Sources */,
				EB286547A8A541A5BC10558E /* AudioPlayerManager.swift in Sources */,
				DDC80EC1FDDE84498C2468A3 /* BargeInMonitor.swift in Sources */,
				E87EFF0202CBFFEC39FE253F /* VoiceOrb.swift in Sources */,
				5BB4BB9BFB9F40809342D765 /* AudioRecorderManager.swift in Sources */,
				8350715E8C7042F894194686 /* SpeechRecognizerManager.swift in Sources */,
				8C5DBBA1BA99430B884D418F /* ConversationTurn.swift in Sources */,
			);
			runOnlyForDeploymentPostprocessing = 0;
		};
/* End PBXSourcesBuildPhase section */

/* Begin XCBuildConfiguration section */
		3141DB0ED5F141558ACD6332 /* Release */ = {
			isa = XCBuildConfiguration;
			buildSettings = {
				ALWAYS_SEARCH_USER_PATHS = NO;
				CLANG_ANALYZER_NONNULL = YES;
				CLANG_ANALYZER_NUMBER_OBJECT_CONVERSION = YES_AGGRESSIVE;
				CLANG_CXX_LANGUAGE_STANDARD = "gnu++20";
				CLANG_ENABLE_MODULES = YES;
				CLANG_ENABLE_OBJC_ARC = YES;
				CLANG_ENABLE_OBJC_WEAK = YES;
				CLANG_WARN_BLOCK_CAPTURE_AUTORELEASING = YES;
				CLANG_WARN_BOOL_CONVERSION = YES;
				CLANG_WARN_COMMA = YES;
				CLANG_WARN_CONSTANT_CONVERSION = YES;
				CLANG_WARN_DEPRECATED_OBJC_IMPLEMENTATIONS = YES;
				CLANG_WARN_DIRECT_OBJC_ISA_USAGE = YES_ERROR;
				CLANG_WARN_DOCUMENTATION_COMMENTS = YES;
				CLANG_WARN_EMPTY_BODY = YES;
				CLANG_WARN_ENUM_CONVERSION = YES;
				CLANG_WARN_INFINITE_RECURSION = YES;
				CLANG_WARN_INT_CONVERSION = YES;
				CLANG_WARN_NON_LITERAL_NULL_CONVERSION = YES;
				CLANG_WARN_OBJC_IMPLICIT_RETAIN_SELF = YES;
				CLANG_WARN_OBJC_LITERAL_CONVERSION = YES;
				CLANG_WARN_OBJC_ROOT_CLASS = YES_ERROR;
				CLANG_WARN_QUOTED_INCLUDE_IN_FRAMEWORK_HEADER = YES;
				CLANG_WARN_RANGE_LOOP_ANALYSIS = YES;
				CLANG_WARN_STRICT_PROTOTYPES = YES;
				CLANG_WARN_SUSPICIOUS_MOVE = YES;
				CLANG_WARN_UNGUARDED_AVAILABILITY = YES_AGGRESSIVE;
				CLANG_WARN_UNREACHABLE_CODE = YES;
				CLANG_WARN__DUPLICATE_METHOD_MATCH = YES;
				COPY_PHASE_STRIP = NO;
				DEBUG_INFORMATION_FORMAT = "dwarf-with-dsym";
				ENABLE_NS_ASSERTIONS = NO;
				ENABLE_STRICT_OBJC_MSGSEND = YES;
				ENABLE_USER_SCRIPT_SANDBOXING = YES;
				GCC_C_LANGUAGE_STANDARD = gnu17;
				GCC_NO_COMMON_BLOCKS = YES;
				GCC_WARN_64_TO_32_BIT_CONVERSION = YES;
				GCC_WARN_ABOUT_RETURN_TYPE = YES_ERROR;
				GCC_WARN_UNDECLARED_SELECTOR = YES;
				GCC_WARN_UNINITIALIZED_AUTOS = YES_AGGRESSIVE;
				GCC_WARN_UNUSED_FUNCTION = YES;
				GCC_WARN_UNUSED_VARIABLE = YES;
				IPHONEOS_DEPLOYMENT_TARGET = 17.0;
				MTL_ENABLE_DEBUG_INFO = NO;
				MTL_FAST_MATH = YES;
				SDKROOT = iphoneos;
				SWIFT_COMPILATION_MODE = wholemodule;
				VALIDATE_PRODUCT = YES;
			};
			name = Release;
		};
		5831350EF5CB4A09BB9FF156 /* Release */ = {
			isa = XCBuildConfiguration;
			buildSettings = {
				ASSETCATALOG_COMPILER_APPICON_NAME = AppIcon;
				ASSETCATALOG_COMPILER_GLOBAL_ACCENT_COLOR_NAME = AccentColor;
				CODE_SIGN_STYLE = Automatic;
				CURRENT_PROJECT_VERSION = 1;
				DEVELOPMENT_ASSET_PATHS = "\"VoiceAssistant/Preview Content\"";
				DEVELOPMENT_TEAM = 9KZ4828323;
				ENABLE_PREVIEWS = YES;
				GENERATE_INFOPLIST_FILE = YES;
				INFOPLIST_FILE = VoiceAssistant/Info.plist;
				INFOPLIST_KEY_UIApplicationSceneManifest_Generation = YES;
				INFOPLIST_KEY_UIApplicationSupportsIndirectInputEvents = YES;
				INFOPLIST_KEY_UILaunchScreen_Generation = YES;
				INFOPLIST_KEY_UISupportedInterfaceOrientations_iPad = "UIInterfaceOrientationPortrait UIInterfaceOrientationPortraitUpsideDown UIInterfaceOrientationLandscapeLeft UIInterfaceOrientationLandscapeRight";
				INFOPLIST_KEY_UISupportedInterfaceOrientations_iPhone = "UIInterfaceOrientationPortrait UIInterfaceOrientationLandscapeLeft UIInterfaceOrientationLandscapeRight";
				LD_RUNPATH_SEARCH_PATHS = (
					"$(inherited)",
					"@executable_path/Frameworks",
				);
				MARKETING_VERSION = 1.0;
				PRODUCT_BUNDLE_IDENTIFIER = com.aifieldnarration.VoiceAssistant;
				PRODUCT_NAME = "$(TARGET_NAME)";
				SWIFT_EMIT_LOC_STRINGS = YES;
				SWIFT_VERSION = 5.0;
				TARGETED_DEVICE_FAMILY = "1,2";
			};
			name = Release;
		};
		9EF4610997F8451BB4D87C6A /* Debug */ = {
			isa = XCBuildConfiguration;
			buildSettings = {
				ALWAYS_SEARCH_USER_PATHS = NO;
				CLANG_ANALYZER_NONNULL = YES;
				CLANG_ANALYZER_NUMBER_OBJECT_CONVERSION = YES_AGGRESSIVE;
				CLANG_CXX_LANGUAGE_STANDARD = "gnu++20";
				CLANG_ENABLE_MODULES = YES;
				CLANG_ENABLE_OBJC_ARC = YES;
				CLANG_ENABLE_OBJC_WEAK = YES;
				CLANG_WARN_BLOCK_CAPTURE_AUTORELEASING = YES;
				CLANG_WARN_BOOL_CONVERSION = YES;
				CLANG_WARN_COMMA = YES;
				CLANG_WARN_CONSTANT_CONVERSION = YES;
				CLANG_WARN_DEPRECATED_OBJC_IMPLEMENTATIONS = YES;
				CLANG_WARN_DIRECT_OBJC_ISA_USAGE = YES_ERROR;
				CLANG_WARN_DOCUMENTATION_COMMENTS = YES;
				CLANG_WARN_EMPTY_BODY = YES;
				CLANG_WARN_ENUM_CONVERSION = YES;
				CLANG_WARN_INFINITE_RECURSION = YES;
				CLANG_WARN_INT_CONVERSION = YES;
				CLANG_WARN_NON_LITERAL_NULL_CONVERSION = YES;
				CLANG_WARN_OBJC_IMPLICIT_RETAIN_SELF = YES;
				CLANG_WARN_OBJC_LITERAL_CONVERSION = YES;
				CLANG_WARN_OBJC_ROOT_CLASS = YES_ERROR;
				CLANG_WARN_QUOTED_INCLUDE_IN_FRAMEWORK_HEADER = YES;
				CLANG_WARN_RANGE_LOOP_ANALYSIS = YES;
				CLANG_WARN_STRICT_PROTOTYPES = YES;
				CLANG_WARN_SUSPICIOUS_MOVE = YES;
				CLANG_WARN_UNGUARDED_AVAILABILITY = YES_AGGRESSIVE;
				CLANG_WARN_UNREACHABLE_CODE = YES;
				CLANG_WARN__DUPLICATE_METHOD_MATCH = YES;
				COPY_PHASE_STRIP = NO;
				DEBUG_INFORMATION_FORMAT = dwarf;
				ENABLE_STRICT_OBJC_MSGSEND = YES;
				ENABLE_TESTABILITY = YES;
				ENABLE_USER_SCRIPT_SANDBOXING = YES;
				GCC_C_LANGUAGE_STANDARD = gnu17;
				GCC_DYNAMIC_NO_PIC = NO;
				GCC_NO_COMMON_BLOCKS = YES;
				GCC_OPTIMIZATION_LEVEL = 0;
				GCC_PREPROCESSOR_DEFINITIONS = (
					"DEBUG=1",
					"$(inherited)",
				);
				GCC_WARN_64_TO_32_BIT_CONVERSION = YES;
				GCC_WARN_ABOUT_RETURN_TYPE = YES_ERROR;
				GCC_WARN_UNDECLARED_SELECTOR = YES;
				GCC_WARN_UNINITIALIZED_AUTOS = YES_AGGRESSIVE;
				GCC_WARN_UNUSED_FUNCTION = YES;
				GCC_WARN_UNUSED_VARIABLE = YES;
				IPHONEOS_DEPLOYMENT_TARGET = 17.0;
				MTL_ENABLE_DEBUG_INFO = INCLUDE_SOURCE;
				MTL_FAST_MATH = YES;
				ONLY_ACTIVE_ARCH = YES;
				SDKROOT = iphoneos;
				SWIFT_ACTIVE_COMPILATION_CONDITIONS = DEBUG;
				SWIFT_OPTIMIZATION_LEVEL = "-Onone";
			};
			name = Debug;
		};
		FFD1BA894BD54F9680A56B4B /* Debug */ = {
			isa = XCBuildConfiguration;
			buildSettings = {
				ASSETCATALOG_COMPILER_APPICON_NAME = AppIcon;
				ASSETCATALOG_COMPILER_GLOBAL_ACCENT_COLOR_NAME = AccentColor;
				CODE_SIGN_STYLE = Automatic;
				CURRENT_PROJECT_VERSION = 1;
				DEVELOPMENT_ASSET_PATHS = "\"VoiceAssistant/Preview Content\"";
				DEVELOPMENT_TEAM = 9KZ4828323;
				ENABLE_PREVIEWS = YES;
				GENERATE_INFOPLIST_FILE = YES;
				INFOPLIST_FILE = VoiceAssistant/Info.plist;
				INFOPLIST_KEY_UIApplicationSceneManifest_Generation = YES;
				INFOPLIST_KEY_UIApplicationSupportsIndirectInputEvents = YES;
				INFOPLIST_KEY_UILaunchScreen_Generation = YES;
				INFOPLIST_KEY_UISupportedInterfaceOrientations_iPad = "UIInterfaceOrientationPortrait UIInterfaceOrientationPortraitUpsideDown UIInterfaceOrientationLandscapeLeft UIInterfaceOrientationLandscapeRight";
				INFOPLIST_KEY_UISupportedInterfaceOrientations_iPhone = "UIInterfaceOrientationPortrait UIInterfaceOrientationLandscapeLeft UIInterfaceOrientationLandscapeRight";
				LD_RUNPATH_SEARCH_PATHS = (
					"$(inherited)",
					"@executable_path/Frameworks",
				);
				MARKETING_VERSION = 1.0;
				PRODUCT_BUNDLE_IDENTIFIER = com.aifieldnarration.VoiceAssistant;
				PRODUCT_NAME = "$(TARGET_NAME)";
				SWIFT_EMIT_LOC_STRINGS = YES;
				SWIFT_VERSION = 5.0;
				TARGETED_DEVICE_FAMILY = "1,2";
			};
			name = Debug;
		};
/* End XCBuildConfiguration section */

/* Begin XCConfigurationList section */
		29743110B409496EB91CE5F4 /* Build configuration list for PBXProject "VoiceAssistant" */ = {
			isa = XCConfigurationList;
			buildConfigurations = (
				9EF4610997F8451BB4D87C6A /* Debug */,
				3141DB0ED5F141558ACD6332 /* Release */,
			);
			defaultConfigurationIsVisible = 0;
			defaultConfigurationName = Release;
		};
		41CDCE80D83A404798F0B419 /* Build configuration list for PBXNativeTarget "VoiceAssistant" */ = {
			isa = XCConfigurationList;
			buildConfigurations = (
				FFD1BA894BD54F9680A56B4B /* Debug */,
				5831350EF5CB4A09BB9FF156 /* Release */,
			);
			defaultConfigurationIsVisible = 0;
			defaultConfigurationName = Release;
		};
/* End XCConfigurationList section */
	};
	rootObject = E974BC0AB2A74C23B66E5DBB /* Project object */;
}
